
Microsoft Visual Studio Solution File, Format Version 12.00
# Visual Studio 15
VisualStudioVersion = 15.0.26730.16
MinimumVisualStudioVersion = 10.0.40219.1
Project("{FAE04EC0-301F-11D3-BF4B-00C04F79EFBC}") = "CustomVision_Prediction_Sample", "CustomVision_Prediction_Sample\CustomVision_Prediction_Sample.csproj", "{8665DBCF-6A88-4E54-977D-AC37F7D31474}"
EndProject
Global
	GlobalSection(SolutionConfigurationPlatforms) = preSolution
		Debug|Any CPU = Debug|Any CPU
		Release|Any CPU = Release|Any CPU
	EndGlobalSection
	GlobalSection(ProjectConfigurationPlatforms) = postSolution
		{8665DBCF-6A88-4E54-977D-AC37F7D31474}.Debug|Any CPU.ActiveCfg = Debug|Any CPU
		{8665DBCF-6A88-4E54-977D-AC37F7D31474}.Debug|Any CPU.Build.0 = Debug|Any CPU
		{8665DBCF-6A88-4E54-977D-AC37F7D31474}.Release|Any CPU.ActiveCfg = Release|Any CPU
		{8665DBCF-6A88-4E54-977D-AC37F7D31474}.Release|Any CPU.Build.0 = Release|Any CPU
	EndGlobalSection
	GlobalSection(SolutionProperties) = preSolution
		HideSolutionNode = FALSE
	EndGlobalSection
	GlobalSection(ExtensibilityGlobals) = postSolution
		SolutionGuid = {9D39F6F2-5F02-49B6-AC10-1C4F254561EF}
	EndGlobalSection
EndGlobal
